// !$*UTF8*$!
{
	archiveVersion = 1;
	classes = {
	};
	objectVersion = 46;
	objects = {

/* Begin PBXBuildFile section */
		9BA223A21BC52AA4008719E1 /* AppDelegate.swift in Sources */ = {isa = PBXBuildFile; fileRef = 9BA223A11BC52AA4008719E1 /* AppDelegate.swift */; };
		9BA223A91BC52AA4008719E1 /* Assets.xcassets in Resources */ = {isa = PBXBuildFile; fileRef = 9BA223A81BC52AA4008719E1 /* Assets.xcassets */; };
		9BA223BF1BC52EC0008719E1 /* ProfileTableViewController.swift in Sources */ = {isa = PBXBuildFile; fileRef = 9BA223BE1BC52EC0008719E1 /* ProfileTableViewController.swift */; settings = {ASSET_TAGS = (); }; };
		9BA223C11BC52EDB008719E1 /* MessageTableViewController.swift in Sources */ = {isa = PBXBuildFile; fileRef = 9BA223C01BC52EDB008719E1 /* MessageTableViewController.swift */; settings = {ASSET_TAGS = (); }; };
		9BA223C31BC52F5B008719E1 /* MainTabBarController.swift in Sources */ = {isa = PBXBuildFile; fileRef = 9BA223C21BC52F5B008719E1 /* MainTabBarController.swift */; settings = {ASSET_TAGS = (); }; };
		9BA223C51BC52F73008719E1 /* HomeTableViewController.swift in Sources */ = {isa = PBXBuildFile; fileRef = 9BA223C41BC52F73008719E1 /* HomeTableViewController.swift */; settings = {ASSET_TAGS = (); }; };
		9BA223C71BC52F83008719E1 /* DiscoverTableViewController.swift in Sources */ = {isa = PBXBuildFile; fileRef = 9BA223C61BC52F83008719E1 /* DiscoverTableViewController.swift */; settings = {ASSET_TAGS = (); }; };
		9BE464F31BC57A750012C511 /* BasicTableViewController.swift in Sources */ = {isa = PBXBuildFile; fileRef = 9BE464F21BC57A750012C511 /* BasicTableViewController.swift */; settings = {ASSET_TAGS = (); }; };
/* End PBXBuildFile section */

/* Begin PBXFileReference section */
		9BA2239E1BC52AA4008719E1 /* 新浪微博.app */ = {isa = PBXFileReference; explicitFileType = wrapper.application; includeInIndex = 0; path = "新浪微博.app"; sourceTree = BUILT_PRODUCTS_DIR; };
		9BA223A11BC52AA4008719E1 /* AppDelegate.swift */ = {isa = PBXFileReference; lastKnownFileType = sourcecode.swift; path = AppDelegate.swift; sourceTree = "<group>"; };
		9BA223A81BC52AA4008719E1 /* Assets.xcassets */ = {isa = PBXFileReference; lastKnownFileType = folder.assetcatalog; path = Assets.xcassets; sourceTree = "<group>"; };
		9BA223AD1BC52AA4008719E1 /* Info.plist */ = {isa = PBXFileReference; lastKnownFileType = text.plist.xml; path = Info.plist; sourceTree = "<group>"; };
		9BA223BE1BC52EC0008719E1 /* ProfileTableViewController.swift */ = {isa = PBXFileReference; fileEncoding = 4; lastKnownFileType = sourcecode.swift; path = ProfileTableViewController.swift; sourceTree = "<group>"; };
		9BA223C01BC52EDB008719E1 /* MessageTableViewController.swift */ = {isa = PBXFileReference; fileEncoding = 4; lastKnownFileType = sourcecode.swift; path = MessageTableViewController.swift; sourceTree = "<group>"; };
		9BA223C21BC52F5B008719E1 /* MainTabBarController.swift */ = {isa = PBXFileReference; fileEncoding = 4; lastKnownFileType = sourcecode.swift; path = MainTabBarController.swift; sourceTree = "<group>"; };
		9BA223C41BC52F73008719E1 /* HomeTableViewController.swift */ = {isa = PBXFileReference; fileEncoding = 4; lastKnownFileType = sourcecode.swift; path = HomeTableViewController.swift; sourceTree = "<group>"; };
		9BA223C61BC52F83008719E1 /* DiscoverTableViewController.swift */ = {isa = PBXFileReference; fileEncoding = 4; lastKnownFileType = sourcecode.swift; path = DiscoverTableViewController.swift; sourceTree = "<group>"; };
		9BE464F21BC57A750012C511 /* BasicTableViewController.swift */ = {isa = PBXFileReference; fileEncoding = 4; lastKnownFileType = sourcecode.swift; path = BasicTableViewController.swift; sourceTree = "<group>"; };
/* End PBXFileReference section */

/* Begin PBXFrameworksBuildPhase section */
		9BA2239B1BC52AA4008719E1 /* Frameworks */ = {
			isa = PBXFrameworksBuildPhase;
			buildActionMask = 2147483647;
			files = (
			);
			runOnlyForDeploymentPostprocessing = 0;
		};
/* End PBXFrameworksBuildPhase section */

/* Begin PBXGroup section */
		9BA223951BC52AA4008719E1 = {
			isa = PBXGroup;
			children = (
				9BA223A01BC52AA4008719E1 /* 新浪微博 */,
				9BA2239F1BC52AA4008719E1 /* Products */,
			);
			sourceTree = "<group>";
		};
		9BA2239F1BC52AA4008719E1 /* Products */ = {
			isa = PBXGroup;
			children = (
				9BA2239E1BC52AA4008719E1 /* 新浪微博.app */,
			);
			name = Products;
			sourceTree = "<group>";
		};
		9BA223A01BC52AA4008719E1 /* 新浪微博 */ = {
			isa = PBXGroup;
			children = (
				9BA223C81BC52F98008719E1 /* Classes */,
				9BA223A11BC52AA4008719E1 /* AppDelegate.swift */,
				9BA223A81BC52AA4008719E1 /* Assets.xcassets */,
				9BA223AD1BC52AA4008719E1 /* Info.plist */,
			);
			path = "新浪微博";
			sourceTree = "<group>";
		};
		9BA223B41BC52D64008719E1 /* Module */ = {
			isa = PBXGroup;
			children = (
				9BA223BB1BC52E1C008719E1 /* Profile */,
				9BA223BA1BC52E14008719E1 /* Message */,
				9BA223B91BC52E0A008719E1 /* Main */,
				9BA223B81BC52E03008719E1 /* Home */,
				9BA223B71BC52DF3008719E1 /* Discover */,
			);
			name = Module;
			sourceTree = "<group>";
		};
		9BA223B51BC52DC6008719E1 /* Tools */ = {
			isa = PBXGroup;
			children = (
			);
			name = Tools;
			sourceTree = "<group>";
		};
		9BA223B61BC52DCF008719E1 /* Model */ = {
			isa = PBXGroup;
			children = (
			);
			name = Model;
			sourceTree = "<group>";
		};
		9BA223B71BC52DF3008719E1 /* Discover */ = {
			isa = PBXGroup;
			children = (
				9BA223C61BC52F83008719E1 /* DiscoverTableViewController.swift */,
			);
			name = Discover;
			sourceTree = "<group>";
		};
		9BA223B81BC52E03008719E1 /* Home */ = {
			isa = PBXGroup;
			children = (
				9BA223C41BC52F73008719E1 /* HomeTableViewController.swift */,
			);
			name = Home;
			sourceTree = "<group>";
		};
		9BA223B91BC52E0A008719E1 /* Main */ = {
			isa = PBXGroup;
			children = (
				9BA223C21BC52F5B008719E1 /* MainTabBarController.swift */,
				9BE464F21BC57A750012C511 /* BasicTableViewController.swift */,
			);
			name = Main;
			sourceTree = "<group>";
		};
		9BA223BA1BC52E14008719E1 /* Message */ = {
			isa = PBXGroup;
			children = (
				9BA223C01BC52EDB008719E1 /* MessageTableViewController.swift */,
			);
			name = Message;
			sourceTree = "<group>";
		};
		9BA223BB1BC52E1C008719E1 /* Profile */ = {
			isa = PBXGroup;
			children = (
				9BA223BE1BC52EC0008719E1 /* ProfileTableViewController.swift */,
			);
			name = Profile;
			sourceTree = "<group>";
		};
		9BA223C81BC52F98008719E1 /* Classes */ = {
			isa = PBXGroup;
			children = (
				9BA223B41BC52D64008719E1 /* Module */,
				9BA223B51BC52DC6008719E1 /* Tools */,
				9BA223B61BC52DCF008719E1 /* Model */,
			);
			name = Classes;
			sourceTree = "<group>";
		};
/* End PBXGroup section */

/* Begin PBXNativeTarget section */
		9BA2239D1BC52AA4008719E1 /* 新浪微博 */ = {
			isa = PBXNativeTarget;
			buildConfigurationList = 9BA223B01BC52AA4008719E1 /* Build configuration list for PBXNativeTarget "新浪微博" */;
			buildPhases = (
				9BA2239A1BC52AA4008719E1 /* Sources */,
				9BA2239B1BC52AA4008719E1 /* Frameworks */,
				9BA2239C1BC52AA4008719E1 /* Resources */,
			);
			buildRules = (
			);
			dependencies = (
			);
			name = "新浪微博";
			productName = "新浪微博";
			productReference = 9BA2239E1BC52AA4008719E1 /* 新浪微博.app */;
			productType = "com.apple.product-type.application";
		};
/* End PBXNativeTarget section */

/* Begin PBXProject section */
		9BA223961BC52AA4008719E1 /* Project object */ = {
			isa = PBXProject;
			attributes = {
				LastUpgradeCheck = 0700;
				ORGANIZATIONNAME = lee;
				TargetAttributes = {
					9BA2239D1BC52AA4008719E1 = {
						CreatedOnToolsVersion = 7.0.1;
					};
				};
			};
			buildConfigurationList = 9BA223991BC52AA4008719E1 /* Build configuration list for PBXProject "新浪微博" */;
			compatibilityVersion = "Xcode 3.2";
			developmentRegion = English;
			hasScannedForEncodings = 0;
			knownRegions = (
				en,
				Base,
			);
			mainGroup = 9BA223951BC52AA4008719E1;
			productRefGroup = 9BA2239F1BC52AA4008719E1 /* Products */;
			projectDirPath = "";
			projectRoot = "";
			targets = (
				9BA2239D1BC52AA4008719E1 /* 新浪微博 */,
			);
		};
/* End PBXProject section */

/* Begin PBXResourcesBuildPhase section */
		9BA2239C1BC52AA4008719E1 /* Resources */ = {
			isa = PBXResourcesBuildPhase;
			buildActionMask = 2147483647;
			files = (
				9BA223A91BC52AA4008719E1 /* Assets.xcassets in Resources */,
			);
			runOnlyForDeploymentPostprocessing = 0;
		};
/* End PBXResourcesBuildPhase section */

/* Begin PBXSourcesBuildPhase section */
		9BA2239A1BC52AA4008719E1 /* Sources */ = {
			isa = PBXSourcesBuildPhase;
			buildActionMask = 2147483647;
			files = (
				9BA223BF1BC52EC0008719E1 /* ProfileTableViewController.swift in Sources */,
				9BA223A21BC52AA4008719E1 /* AppDelegate.swift in Sources */,
				9BE464F31BC57A750012C511 /* BasicTableViewController.swift in Sources */,
				9BA223C31BC52F5B008719E1 /* MainTabBarController.swift in Sources */,
				9BA223C11BC52EDB008719E1 /* MessageTableViewController.swift in Sources */,
				9BA223C71BC52F83008719E1 /* DiscoverTableViewController.swift in Sources */,
				9BA223C51BC52F73008719E1 /* HomeTableViewController.swift in Sources */,
			);
			runOnlyForDeploymentPostprocessing = 0;
		};
/* End PBXSourcesBuildPhase section */

/* Begin XCBuildConfiguration section */
		9BA223AE1BC52AA4008719E1 /* Debug */ = {
			isa = XCBuildConfiguration;
			buildSettings = {
				ALWAYS_SEARCH_USER_PATHS = NO;
				CLANG_CXX_LANGUAGE_STANDARD = "gnu++0x";
				CLANG_CXX_LIBRARY = "libc++";
				CLANG_ENABLE_MODULES = YES;
				CLANG_ENABLE_OBJC_ARC = YES;
				CLANG_WARN_BOOL_CONVERSION = YES;
				CLANG_WARN_CONSTANT_CONVERSION = YES;
				CLANG_WARN_DIRECT_OBJC_ISA_USAGE = YES_ERROR;
				CLANG_WARN_EMPTY_BODY = YES;
				CLANG_WARN_ENUM_CONVERSION = YES;
				CLANG_WARN_INT_CONVERSION = YES;
				CLANG_WARN_OBJC_ROOT_CLASS = YES_ERROR;
				CLANG_WARN_UNREACHABLE_CODE = YES;
				CLANG_WARN__DUPLICATE_METHOD_MATCH = YES;
				"CODE_SIGN_IDENTITY[sdk=iphoneos*]" = "iPhone Developer";
				COPY_PHASE_STRIP = NO;
				DEBUG_INFORMATION_FORMAT = dwarf;
				ENABLE_STRICT_OBJC_MSGSEND = YES;
				ENABLE_TESTABILITY = YES;
				GCC_C_LANGUAGE_STANDARD = gnu99;
				GCC_DYNAMIC_NO_PIC = NO;
				GCC_NO_COMMON_BLOCKS = YES;
				GCC_OPTIMIZATION_LEVEL = 0;
				GCC_PREPROCESSOR_DEFINITIONS = (
					"DEBUG=1",
					"$(inherited)",
				);
				GCC_WARN_64_TO_32_BIT_CONVERSION = YES;
				GCC_WARN_ABOUT_RETURN_TYPE = YES_ERROR;
				GCC_WARN_UNDECLARED_SELECTOR = YES;
				GCC_WARN_UNINITIALIZED_AUTOS = YES_AGGRESSIVE;
				GCC_WARN_UNUSED_FUNCTION = YES;
				GCC_WARN_UNUSED_VARIABLE = YES;
				IPHONEOS_DEPLOYMENT_TARGET = 9.0;
				MTL_ENABLE_DEBUG_INFO = YES;
				ONLY_ACTIVE_ARCH = YES;
				SDKROOT = iphoneos;
				SWIFT_OPTIMIZATION_LEVEL = "-Onone";
			};
			name = Debug;
		};
		9BA223AF1BC52AA4008719E1 /* Release */ = {
			isa = XCBuildConfiguration;
			buildSettings = {
				ALWAYS_SEARCH_USER_PATHS = NO;
				CLANG_CXX_LANGUAGE_STANDARD = "gnu++0x";
				CLANG_CXX_LIBRARY = "libc++";
				CLANG_ENABLE_MODULES = YES;
				CLANG_ENABLE_OBJC_ARC = YES;
				CLANG_WARN_BOOL_CONVERSION = YES;
				CLANG_WARN_CONSTANT_CONVERSION = YES;
				CLANG_WARN_DIRECT_OBJC_ISA_USAGE = YES_ERROR;
				CLANG_WARN_EMPTY_BODY = YES;
				CLANG_WARN_ENUM_CONVERSION = YES;
				CLANG_WARN_INT_CONVERSION = YES;
				CLANG_WARN_OBJC_ROOT_CLASS = YES_ERROR;
				CLANG_WARN_UNREACHABLE_CODE = YES;
				CLANG_WARN__DUPLICATE_METHOD_MATCH = YES;
				"CODE_SIGN_IDENTITY[sdk=iphoneos*]" = "iPhone Developer";
				COPY_PHASE_STRIP = NO;
				DEBUG_INFORMATION_FORMAT = "dwarf-with-dsym";
				ENABLE_NS_ASSERTIONS = NO;
				ENABLE_STRICT_OBJC_MSGSEND = YES;
				GCC_C_LANGUAGE_STANDARD = gnu99;
				GCC_NO_COMMON_BLOCKS = YES;
				GCC_WARN_64_TO_32_BIT_CONVERSION = YES;
				GCC_WARN_ABOUT_RETURN_TYPE = YES_ERROR;
				GCC_WARN_UNDECLARED_SELECTOR = YES;
				GCC_WARN_UNINITIALIZED_AUTOS = YES_AGGRESSIVE;
				GCC_WARN_UNUSED_FUNCTION = YES;
				GCC_WARN_UNUSED_VARIABLE = YES;
				IPHONEOS_DEPLOYMENT_TARGET = 9.0;
				MTL_ENABLE_DEBUG_INFO = NO;
				SDKROOT = iphoneos;
				VALIDATE_PRODUCT = YES;
			};
			name = Release;
		};
		9BA223B11BC52AA4008719E1 /* Debug */ = {
			isa = XCBuildConfiguration;
			buildSettings = {
				ASSETCATALOG_COMPILER_APPICON_NAME = AppIcon;
				ASSETCATALOG_COMPILER_LAUNCHIMAGE_NAME = BrandAsset;
				INFOPLIST_FILE = "新浪微博/Info.plist";
				LD_RUNPATH_SEARCH_PATHS = "$(inherited) @executable_path/Frameworks";
				PRODUCT_BUNDLE_IDENTIFIER = "cn.lee.----";
				PRODUCT_NAME = "$(TARGET_NAME)";
			};
			name = Debug;
		};
		9BA223B21BC52AA4008719E1 /* Release */ = {
			isa = XCBuildConfiguration;
			buildSettings = {
				ASSETCATALOG_COMPILER_APPICON_NAME = AppIcon;
				ASSETCATALOG_COMPILER_LAUNCHIMAGE_NAME = BrandAsset;
				INFOPLIST_FILE = "新浪微博/Info.plist";
				LD_RUNPATH_SEARCH_PATHS = "$(inherited) @executable_path/Frameworks";
				PRODUCT_BUNDLE_IDENTIFIER = "cn.lee.----";
				PRODUCT_NAME = "$(TARGET_NAME)";
			};
			name = Release;
		};
/* End XCBuildConfiguration section */

/* Begin XCConfigurationList section */
		9BA223991BC52AA4008719E1 /* Build configuration list for PBXProject "新浪微博" */ = {
			isa = XCConfigurationList;
			buildConfigurations = (
				9BA223AE1BC52AA4008719E1 /* Debug */,
				9BA223AF1BC52AA4008719E1 /* Release */,
			);
			defaultConfigurationIsVisible = 0;
			defaultConfigurationName = Release;
		};
		9BA223B01BC52AA4008719E1 /* Build configuration list for PBXNativeTarget "新浪微博" */ = {
			isa = XCConfigurationList;
			buildConfigurations = (
				9BA223B11BC52AA4008719E1 /* Debug */,
				9BA223B21BC52AA4008719E1 /* Release */,
			);
			defaultConfigurationIsVisible = 0;
			defaultConfigurationName = Release;
		};
/* End XCConfigurationList section */
	};
	rootObject = 9BA223961BC52AA4008719E1 /* Project object */;
}
